
Microsoft Visual Studio Solution File, Format Version 12.00
# Visual Studio Version 16
VisualStudioVersion = 16.0.30204.135
MinimumVisualStudioVersion = 10.0.40219.1
Project("{2150E333-8FDC-42A3-9474-1A3956D46DE8}") = "ShopManagement", "ShopManagement", "{2F465E0F-3055-441C-BCAB-EBB16B676A74}"
EndProject
Project("{2150E333-8FDC-42A3-9474-1A3956D46DE8}") = "SM.Domain", "SM.Domain", "{978D7E5A-7F69-4CCC-814D-DAF539DA76A5}"
EndProject
Project("{9A19103F-16F7-4668-BE54-9A1E7A4F7556}") = "ShopManagement.Domain", "ShopManagement.Domain\ShopManagement.Domain.csproj", "{AD9F0E34-AD69-4038-B71F-D823CD50EDFC}"
EndProject
Project("{9A19103F-16F7-4668-BE54-9A1E7A4F7556}") = "0_Framework", "0_Framework\0_Framework.csproj", "{AB72DEF3-B594-472E-BEDF-F5357957A44A}"
EndProject
Project("{2150E333-8FDC-42A3-9474-1A3956D46DE8}") = "SM.Application", "SM.Application", "{3EC2962C-5335-424A-ADDC-83759217E584}"
EndProject
Project("{9A19103F-16F7-4668-BE54-9A1E7A4F7556}") = "ShopManagement.Application.Contracts", "ShopManagement.Application.Contracts\ShopManagement.Application.Contracts.csproj", "{92C30E69-E900-47CA-BEB5-48389D0F527D}"
EndProject
Project("{9A19103F-16F7-4668-BE54-9A1E7A4F7556}") = "ShopManagement.Application", "ShopManagement.Application\ShopManagement.Application.csproj", "{CDF59CC7-3181-4DB1-BAAC-315FCCF5742E}"
EndProject
Project("{2150E333-8FDC-42A3-9474-1A3956D46DE8}") = "SM.Infrastructure", "SM.Infrastructure", "{6F0D2F20-CA65-4004-988B-1F4448B957DE}"
EndProject
Project("{9A19103F-16F7-4668-BE54-9A1E7A4F7556}") = "ShopManagement.Infrastructure.EFCore", "ShopManagement.Infrastructure.EFCore\ShopManagement.Infrastructure.EFCore.csproj", "{FC75662C-362C-4290-9E9F-435440FF173F}"
EndProject
Project("{9A19103F-16F7-4668-BE54-9A1E7A4F7556}") = "ShopManagement.Configuration", "ShopManagement.Configuration\ShopManagement.Configuration.csproj", "{216D47D5-72EA-4FE3-86B9-5E219B158515}"
EndProject
Project("{9A19103F-16F7-4668-BE54-9A1E7A4F7556}") = "ServiceHost", "ServiceHost\ServiceHost.csproj", "{BFF3C6FB-83DE-4F75-B8B4-10BBEE5A9399}"
EndProject
Project("{9A19103F-16F7-4668-BE54-9A1E7A4F7556}") = "01_LampshadeQuery", "01_LampshadeQuery\01_LampshadeQuery.csproj", "{2267CF82-F359-480D-A63B-79933FB5C56C}"
EndProject
Project("{2150E333-8FDC-42A3-9474-1A3956D46DE8}") = "DiscountManagement", "DiscountManagement", "{0F95B080-B3AC-45DD-86EE-144BE7565350}"
EndProject
Project("{2150E333-8FDC-42A3-9474-1A3956D46DE8}") = "DM.Domain", "DM.Domain", "{DB52238A-30A6-4809-9462-1E52B97DED44}"
EndProject
Project("{9A19103F-16F7-4668-BE54-9A1E7A4F7556}") = "DiscountManagement.Domain", "DiscountManagement.Domain\DiscountManagement.Domain.csproj", "{99C713D7-7C43-497A-B0FA-B56FAA1388F4}"
EndProject
Project("{2150E333-8FDC-42A3-9474-1A3956D46DE8}") = "DM.Application", "DM.Application", "{0EDDE1DD-FF5E-4AF7-A932-A80DC2CEE854}"
EndProject
Project("{9A19103F-16F7-4668-BE54-9A1E7A4F7556}") = "DiscountManagement.Application.Contract", "DiscountManagement.Application.Contract\DiscountManagement.Application.Contract.csproj", "{4E5BD78B-9C26-48BB-A025-D2557FC4BB3E}"
EndProject
Project("{9A19103F-16F7-4668-BE54-9A1E7A4F7556}") = "DiscountManagement.Application", "DiscountManagement.Application\DiscountManagement.Application.csproj", "{B1243114-29AA-40CC-9204-6A6294F76FEF}"
EndProject
Project("{2150E333-8FDC-42A3-9474-1A3956D46DE8}") = "DM.Infrastructure", "DM.Infrastructure", "{AF9553AB-5BCD-49AB-8431-AF7941312BEF}"
EndProject
Project("{9A19103F-16F7-4668-BE54-9A1E7A4F7556}") = "DiscountManagement.Infrastructure.EFCore", "DiscountManagement.Infrastructure.EFCore\DiscountManagement.Infrastructure.EFCore.csproj", "{619E0EDC-B2B4-49B9-AE81-C3932239BA1B}"
EndProject
Project("{9A19103F-16F7-4668-BE54-9A1E7A4F7556}") = "DiscountManagement.Configuration", "DiscountManagement.Configuration\DiscountManagement.Configuration.csproj", "{B8FF92FC-0E35-4CE4-86CB-29F2D5A22DB1}"
EndProject
Project("{2150E333-8FDC-42A3-9474-1A3956D46DE8}") = "InventoryManagement", "InventoryManagement", "{51EB8E57-D975-4C78-AC08-02BE4E74CF8A}"
EndProject
Project("{2150E333-8FDC-42A3-9474-1A3956D46DE8}") = "IM.Domain", "IM.Domain", "{64ACD7E6-1C3E-4AB9-8EE8-3D0AE1582E41}"
EndProject
Project("{9A19103F-16F7-4668-BE54-9A1E7A4F7556}") = "InventoryManagement.Domain", "InventoryManagement.Domain\InventoryManagement.Domain.csproj", "{3AA3B022-8650-4946-8484-B3B20B422F5E}"
EndProject
Project("{2150E333-8FDC-42A3-9474-1A3956D46DE8}") = "IM.Application", "IM.Application", "{001C4892-5E19-4804-9A0D-855B7612D987}"
EndProject
Project("{9A19103F-16F7-4668-BE54-9A1E7A4F7556}") = "InventoryManagement.Application.Contract", "InventoryManagement.Application.Contract\InventoryManagement.Application.Contract.csproj", "{F2D7C081-A570-4CDE-9084-8D4607C49EE7}"
EndProject
Project("{2150E333-8FDC-42A3-9474-1A3956D46DE8}") = "IM.Infrastructure", "IM.Infrastructure", "{F1F637DD-B66F-4AB2-9600-91D69BF6322E}"
EndProject
Project("{9A19103F-16F7-4668-BE54-9A1E7A4F7556}") = "InventoryMangement.Infrastructure.EFCore", "InventoryMangement.Infrastructure.EFCore\InventoryMangement.Infrastructure.EFCore.csproj", "{0DE462B7-27D7-4670-9D79-D9F7F54254C7}"
EndProject
Project("{9A19103F-16F7-4668-BE54-9A1E7A4F7556}") = "InventoryManagement.Infrastructure.Configuration", "InventoryManagement.Infrastructure.Configuration\InventoryManagement.Infrastructure.Configuration.csproj", "{075C7037-642F-4022-9363-92D9DDEF8F9F}"
EndProject
Project("{9A19103F-16F7-4668-BE54-9A1E7A4F7556}") = "InventoryManagement.Application", "InventoryManagement.Application\InventoryManagement.Application.csproj", "{415ABFC8-41C9-47C9-A38D-893DAC4D83B4}"
EndProject
Project("{2150E333-8FDC-42A3-9474-1A3956D46DE8}") = "BlogManagement", "BlogManagement", "{AA7C6FAF-BE47-4573-8FBD-501625F8EA24}"
EndProject
Project("{2150E333-8FDC-42A3-9474-1A3956D46DE8}") = "BM.Domain", "BM.Domain", "{BD9BB3AE-B17D-43A8-A9E5-EDB6394BB1E1}"
EndProject
Project("{9A19103F-16F7-4668-BE54-9A1E7A4F7556}") = "BlogManagement.Domain", "BlogManagement.Domain\BlogManagement.Domain.csproj", "{0A8D91D4-9FE4-4897-A883-EC926D13E642}"
EndProject
Project("{2150E333-8FDC-42A3-9474-1A3956D46DE8}") = "BM.Application", "BM.Application", "{1B4B19B0-C1C6-4115-857A-1919FAEF0039}"
EndProject
Project("{9A19103F-16F7-4668-BE54-9A1E7A4F7556}") = "BlogManagement.Application.Contracts", "BlogManagement.Application.Contracts\BlogManagement.Application.Contracts.csproj", "{48DD6973-98D8-4BA9-B774-1D1ECB504867}"
EndProject
Project("{9A19103F-16F7-4668-BE54-9A1E7A4F7556}") = "BlogManagement.Application", "BlogManagement.Application\BlogManagement.Application.csproj", "{8D5C7555-DF8A-4B64-9D5A-072CA68DDEBA}"
EndProject
Project("{2150E333-8FDC-42A3-9474-1A3956D46DE8}") = "BM.Infrastructure", "BM.Infrastructure", "{28593452-B948-4325-9C42-D6D90BCCD8C8}"
EndProject
Project("{9A19103F-16F7-4668-BE54-9A1E7A4F7556}") = "BlogManagement.Infrastructure.EFCore", "BlogManagement.Infrastructure.EFCore\BlogManagement.Infrastructure.EFCore.csproj", "{479BAE32-AF39-4FD6-A6BE-EF3B4EF2572B}"
EndProject
Project("{9A19103F-16F7-4668-BE54-9A1E7A4F7556}") = "BlogManagement.Infrastructure.Configuration", "BlogManagement.Infrastructure.Configuration\BlogManagement.Infrastructure.Configuration.csproj", "{489005FA-6EAF-486A-8ACD-3DACCF91DC2B}"
EndProject
Project("{2150E333-8FDC-42A3-9474-1A3956D46DE8}") = "CommentManagement", "CommentManagement", "{386FA062-9C0A-461F-84C1-3E05A1D19F92}"
EndProject
Project("{2150E333-8FDC-42A3-9474-1A3956D46DE8}") = "CM.Domain", "CM.Domain", "{AC467D1F-7C07-4713-A692-2DF0EEE4EBD3}"
EndProject
Project("{9A19103F-16F7-4668-BE54-9A1E7A4F7556}") = "CommentManagement.Domain", "CommentManagement.Domain\CommentManagement.Domain.csproj", "{EC4548BB-3859-4776-AC3E-8980B8698AFB}"
EndProject
Project("{2150E333-8FDC-42A3-9474-1A3956D46DE8}") = "CM.Application", "CM.Application", "{1DE90B1A-D938-4FC6-81D1-F80BC9D3347D}"
EndProject
Project("{9A19103F-16F7-4668-BE54-9A1E7A4F7556}") = "CommentManagement.Application.Contracts", "CommentManagement.Application.Contracts\CommentManagement.Application.Contracts.csproj", "{9243BBAD-D9B8-4DCD-A67E-4689FF019E65}"
EndProject
Project("{9A19103F-16F7-4668-BE54-9A1E7A4F7556}") = "CommentManagement.Application", "CommentManagement.Application\CommentManagement.Application.csproj", "{4965B3D6-1158-4168-8BF9-70601F005E92}"
EndProject
Project("{2150E333-8FDC-42A3-9474-1A3956D46DE8}") = "CM.Infrastructure", "CM.Infrastructure", "{E1510A7A-0380-49D2-9274-1B766386E61D}"
EndProject
Project("{9A19103F-16F7-4668-BE54-9A1E7A4F7556}") = "CommnetManagement.Infrastructure.EFCore", "CommnetManagement.Infrastructure.EFCore\CommnetManagement.Infrastructure.EFCore.csproj", "{4D1053DF-2099-4E88-9BBA-585F64448D81}"
EndProject
Project("{9A19103F-16F7-4668-BE54-9A1E7A4F7556}") = "CommentManagement.Infrastructure.Configuration", "CommentManagement.Infrastructure.Configuration\CommentManagement.Infrastructure.Configuration.csproj", "{8B4C2228-8B3C-4859-83EB-26C01275EE1A}"
EndProject
Project("{2150E333-8FDC-42A3-9474-1A3956D46DE8}") = "AccountManagement", "AccountManagement", "{B1CE43F0-1FD5-481C-B16F-A88FB2F16E51}"
EndProject
Project("{2150E333-8FDC-42A3-9474-1A3956D46DE8}") = "AM.Domain", "AM.Domain", "{7EAA367B-B387-4D5C-8E7D-BBE1FFFD47B2}"
EndProject
Project("{9A19103F-16F7-4668-BE54-9A1E7A4F7556}") = "AccountManagement.Domain", "AccountManagement.Domain\AccountManagement.Domain.csproj", "{5AA1D39F-36AC-4E03-9D82-2BDC725F272A}"
EndProject
Project("{2150E333-8FDC-42A3-9474-1A3956D46DE8}") = "AM.Application", "AM.Application", "{025F05FA-3258-4CC3-8FD6-9823CAD967FE}"
EndProject
Project("{9A19103F-16F7-4668-BE54-9A1E7A4F7556}") = "AccountManagement.Application.Contracts", "AccountManagement.Application.Contracts\AccountManagement.Application.Contracts.csproj", "{2CA75B64-B411-4013-A402-8B5D05122BA1}"
EndProject
Project("{2150E333-8FDC-42A3-9474-1A3956D46DE8}") = "AM.Infrastructure", "AM.Infrastructure", "{7B37023A-9218-4843-AB52-E5B7834C8DD0}"
EndProject
Project("{9A19103F-16F7-4668-BE54-9A1E7A4F7556}") = "AccountMangement.Infrastructure.EFCore", "AccountMangement.Infrastructure.EFCore\AccountMangement.Infrastructure.EFCore.csproj", "{B365EFFD-7053-4F52-9F40-90BC722F9082}"
EndProject
Project("{9A19103F-16F7-4668-BE54-9A1E7A4F7556}") = "AccountManagement.Application", "AccountManagement.Application\AccountManagement.Application.csproj", "{06F5CFE1-68B5-44A0-B479-1117E2149722}"
EndProject
Project("{9A19103F-16F7-4668-BE54-9A1E7A4F7556}") = "AccountManagement.Configuration", "AccountManagement.Configuration\AccountManagement.Configuration.csproj", "{51490CE8-04A1-4974-B53A-63C9E51D8B79}"
EndProject
Project("{9A19103F-16F7-4668-BE54-9A1E7A4F7556}") = "ShopManagement.Infrastructure.InventoryAcl", "ShopManagement.Infrastructure.InventoryAcl\ShopManagement.Infrastructure.InventoryAcl.csproj", "{9B62D88E-802A-4CBD-BB8B-F21A3CCF9D60}"
EndProject
Project("{2150E333-8FDC-42A3-9474-1A3956D46DE8}") = "SM.Presentation", "SM.Presentation", "{72A2A1EF-E220-4FE7-8B94-0F35EB515011}"
EndProject
Project("{9A19103F-16F7-4668-BE54-9A1E7A4F7556}") = "ShopManagement.Presentation.Api", "ShopManagement.Presentation.Api\ShopManagement.Presentation.Api.csproj", "{8B643CA9-284D-450F-9810-820584976B46}"
EndProject
Project("{2150E333-8FDC-42A3-9474-1A3956D46DE8}") = "IM.Presentation", "IM.Presentation", "{E3E28CBB-D68F-470A-9892-6F9688AF23DF}"
EndProject
Project("{9A19103F-16F7-4668-BE54-9A1E7A4F7556}") = "InventoryManagement.Presentation.Api", "InventoryManagement.Presentation\InventoryManagement.Presentation.Api.csproj", "{81948C78-047C-492B-8F4F-AF3455D05431}"
EndProject
Project("{2150E333-8FDC-42A3-9474-1A3956D46DE8}") = "BM.Presentation", "BM.Presentation", "{0687FEE5-D255-4A5E-AFF9-C01DF8073968}"
EndProject
Project("{9A19103F-16F7-4668-BE54-9A1E7A4F7556}") = "BlogManagement.Presentation.Api", "BlogManagement.Presentation.Api\BlogManagement.Presentation.Api.csproj", "{733CAF7A-A24A-486A-A919-21561AED6F8B}"
EndProject
Project("{FAE04EC0-301F-11D3-BF4B-00C04F79EFBC}") = "ShopManagement.Infrastructure.AccountAcl", "ShopManagement.Infrastructure.AccountAcl\ShopManagement.Infrastructure.AccountAcl.csproj", "{F92ECAB3-B5E3-4829-8C0A-5AE292AA000C}"
EndProject
Global
	GlobalSection(SolutionConfigurationPlatforms) = preSolution
		Debug|Any CPU = Debug|Any CPU
		Release|Any CPU = Release|Any CPU
	EndGlobalSection
	GlobalSection(ProjectConfigurationPlatforms) = postSolution
		{AD9F0E34-AD69-4038-B71F-D823CD50EDFC}.Debug|Any CPU.ActiveCfg = Debug|Any CPU
		{AD9F0E34-AD69-4038-B71F-D823CD50EDFC}.Debug|Any CPU.Build.0 = Debug|Any CPU
		{AD9F0E34-AD69-4038-B71F-D823CD50EDFC}.Release|Any CPU.ActiveCfg = Release|Any CPU
		{AD9F0E34-AD69-4038-B71F-D823CD50EDFC}.Release|Any CPU.Build.0 = Release|Any CPU
		{AB72DEF3-B594-472E-BEDF-F5357957A44A}.Debug|Any CPU.ActiveCfg = Debug|Any CPU
		{AB72DEF3-B594-472E-BEDF-F5357957A44A}.Debug|Any CPU.Build.0 = Debug|Any CPU
		{AB72DEF3-B594-472E-BEDF-F5357957A44A}.Release|Any CPU.ActiveCfg = Release|Any CPU
		{AB72DEF3-B594-472E-BEDF-F5357957A44A}.Release|Any CPU.Build.0 = Release|Any CPU
		{92C30E69-E900-47CA-BEB5-48389D0F527D}.Debug|Any CPU.ActiveCfg = Debug|Any CPU
		{92C30E69-E900-47CA-BEB5-48389D0F527D}.Debug|Any CPU.Build.0 = Debug|Any CPU
		{92C30E69-E900-47CA-BEB5-48389D0F527D}.Release|Any CPU.ActiveCfg = Release|Any CPU
		{92C30E69-E900-47CA-BEB5-48389D0F527D}.Release|Any CPU.Build.0 = Release|Any CPU
		{CDF59CC7-3181-4DB1-BAAC-315FCCF5742E}.Debug|Any CPU.ActiveCfg = Debug|Any CPU
		{CDF59CC7-3181-4DB1-BAAC-315FCCF5742E}.Debug|Any CPU.Build.0 = Debug|Any CPU
		{CDF59CC7-3181-4DB1-BAAC-315FCCF5742E}.Release|Any CPU.ActiveCfg = Release|Any CPU
		{CDF59CC7-3181-4DB1-BAAC-315FCCF5742E}.Release|Any CPU.Build.0 = Release|Any CPU
		{FC75662C-362C-4290-9E9F-435440FF173F}.Debug|Any CPU.ActiveCfg = Debug|Any CPU
		{FC75662C-362C-4290-9E9F-435440FF173F}.Debug|Any CPU.Build.0 = Debug|Any CPU
		{FC75662C-362C-4290-9E9F-435440FF173F}.Release|Any CPU.ActiveCfg = Release|Any CPU
		{FC75662C-362C-4290-9E9F-435440FF173F}.Release|Any CPU.Build.0 = Release|Any CPU
		{216D47D5-72EA-4FE3-86B9-5E219B158515}.Debug|Any CPU.ActiveCfg = Debug|Any CPU
		{216D47D5-72EA-4FE3-86B9-5E219B158515}.Debug|Any CPU.Build.0 = Debug|Any CPU
		{216D47D5-72EA-4FE3-86B9-5E219B158515}.Release|Any CPU.ActiveCfg = Release|Any CPU
		{216D47D5-72EA-4FE3-86B9-5E219B158515}.Release|Any CPU.Build.0 = Release|Any CPU
		{BFF3C6FB-83DE-4F75-B8B4-10BBEE5A9399}.Debug|Any CPU.ActiveCfg = Debug|Any CPU
		{BFF3C6FB-83DE-4F75-B8B4-10BBEE5A9399}.Debug|Any CPU.Build.0 = Debug|Any CPU
		{BFF3C6FB-83DE-4F75-B8B4-10BBEE5A9399}.Release|Any CPU.ActiveCfg = Release|Any CPU
		{BFF3C6FB-83DE-4F75-B8B4-10BBEE5A9399}.Release|Any CPU.Build.0 = Release|Any CPU
		{2267CF82-F359-480D-A63B-79933FB5C56C}.Debug|Any CPU.ActiveCfg = Debug|Any CPU
		{2267CF82-F359-480D-A63B-79933FB5C56C}.Debug|Any CPU.Build.0 = Debug|Any CPU
		{2267CF82-F359-480D-A63B-79933FB5C56C}.Release|Any CPU.ActiveCfg = Release|Any CPU
		{2267CF82-F359-480D-A63B-79933FB5C56C}.Release|Any CPU.Build.0 = Release|Any CPU
		{99C713D7-7C43-497A-B0FA-B56FAA1388F4}.Debug|Any CPU.ActiveCfg = Debug|Any CPU
		{99C713D7-7C43-497A-B0FA-B56FAA1388F4}.Debug|Any CPU.Build.0 = Debug|Any CPU
		{99C713D7-7C43-497A-B0FA-B56FAA1388F4}.Release|Any CPU.ActiveCfg = Release|Any CPU
		{99C713D7-7C43-497A-B0FA-B56FAA1388F4}.Release|Any CPU.Build.0 = Release|Any CPU
		{4E5BD78B-9C26-48BB-A025-D2557FC4BB3E}.Debug|Any CPU.ActiveCfg = Debug|Any CPU
		{4E5BD78B-9C26-48BB-A025-D2557FC4BB3E}.Debug|Any CPU.Build.0 = Debug|Any CPU
		{4E5BD78B-9C26-48BB-A025-D2557FC4BB3E}.Release|Any CPU.ActiveCfg = Release|Any CPU
		{4E5BD78B-9C26-48BB-A025-D2557FC4BB3E}.Release|Any CPU.Build.0 = Release|Any CPU
		{B1243114-29AA-40CC-9204-6A6294F76FEF}.Debug|Any CPU.ActiveCfg = Debug|Any CPU
		{B1243114-29AA-40CC-9204-6A6294F76FEF}.Debug|Any CPU.Build.0 = Debug|Any CPU
		{B1243114-29AA-40CC-9204-6A6294F76FEF}.Release|Any CPU.ActiveCfg = Release|Any CPU
		{B1243114-29AA-40CC-9204-6A6294F76FEF}.Release|Any CPU.Build.0 = Release|Any CPU
		{619E0EDC-B2B4-49B9-AE81-C3932239BA1B}.Debug|Any CPU.ActiveCfg = Debug|Any CPU
		{619E0EDC-B2B4-49B9-AE81-C3932239BA1B}.Debug|Any CPU.Build.0 = Debug|Any CPU
		{619E0EDC-B2B4-49B9-AE81-C3932239BA1B}.Release|Any CPU.ActiveCfg = Release|Any CPU
		{619E0EDC-B2B4-49B9-AE81-C3932239BA1B}.Release|Any CPU.Build.0 = Release|Any CPU
		{B8FF92FC-0E35-4CE4-86CB-29F2D5A22DB1}.Debug|Any CPU.ActiveCfg = Debug|Any CPU
		{B8FF92FC-0E35-4CE4-86CB-29F2D5A22DB1}.Debug|Any CPU.Build.0 = Debug|Any CPU
		{B8FF92FC-0E35-4CE4-86CB-29F2D5A22DB1}.Release|Any CPU.ActiveCfg = Release|Any CPU
		{B8FF92FC-0E35-4CE4-86CB-29F2D5A22DB1}.Release|Any CPU.Build.0 = Release|Any CPU
		{3AA3B022-8650-4946-8484-B3B20B422F5E}.Debug|Any CPU.ActiveCfg = Debug|Any CPU
		{3AA3B022-8650-4946-8484-B3B20B422F5E}.Debug|Any CPU.Build.0 = Debug|Any CPU
		{3AA3B022-8650-4946-8484-B3B20B422F5E}.Release|Any CPU.ActiveCfg = Release|Any CPU
		{3AA3B022-8650-4946-8484-B3B20B422F5E}.Release|Any CPU.Build.0 = Release|Any CPU
		{F2D7C081-A570-4CDE-9084-8D4607C49EE7}.Debug|Any CPU.ActiveCfg = Debug|Any CPU
		{F2D7C081-A570-4CDE-9084-8D4607C49EE7}.Debug|Any CPU.Build.0 = Debug|Any CPU
		{F2D7C081-A570-4CDE-9084-8D4607C49EE7}.Release|Any CPU.ActiveCfg = Release|Any CPU
		{F2D7C081-A570-4CDE-9084-8D4607C49EE7}.Release|Any CPU.Build.0 = Release|Any CPU
		{0DE462B7-27D7-4670-9D79-D9F7F54254C7}.Debug|Any CPU.ActiveCfg = Debug|Any CPU
		{0DE462B7-27D7-4670-9D79-D9F7F54254C7}.Debug|Any CPU.Build.0 = Debug|Any CPU
		{0DE462B7-27D7-4670-9D79-D9F7F54254C7}.Release|Any CPU.ActiveCfg = Release|Any CPU
		{0DE462B7-27D7-4670-9D79-D9F7F54254C7}.Release|Any CPU.Build.0 = Release|Any CPU
		{075C7037-642F-4022-9363-92D9DDEF8F9F}.Debug|Any CPU.ActiveCfg = Debug|Any CPU
		{075C7037-642F-4022-9363-92D9DDEF8F9F}.Debug|Any CPU.Build.0 = Debug|Any CPU
		{075C7037-642F-4022-9363-92D9DDEF8F9F}.Release|Any CPU.ActiveCfg = Release|Any CPU
		{075C7037-642F-4022-9363-92D9DDEF8F9F}.Release|Any CPU.Build.0 = Release|Any CPU
		{415ABFC8-41C9-47C9-A38D-893DAC4D83B4}.Debug|Any CPU.ActiveCfg = Debug|Any CPU
		{415ABFC8-41C9-47C9-A38D-893DAC4D83B4}.Debug|Any CPU.Build.0 = Debug|Any CPU
		{415ABFC8-41C9-47C9-A38D-893DAC4D83B4}.Release|Any CPU.ActiveCfg = Release|Any CPU
		{415ABFC8-41C9-47C9-A38D-893DAC4D83B4}.Release|Any CPU.Build.0 = Release|Any CPU
		{0A8D91D4-9FE4-4897-A883-EC926D13E642}.Debug|Any CPU.ActiveCfg = Debug|Any CPU
		{0A8D91D4-9FE4-4897-A883-EC926D13E642}.Debug|Any CPU.Build.0 = Debug|Any CPU
		{0A8D91D4-9FE4-4897-A883-EC926D13E642}.Release|Any CPU.ActiveCfg = Release|Any CPU
		{0A8D91D4-9FE4-4897-A883-EC926D13E642}.Release|Any CPU.Build.0 = Release|Any CPU
		{48DD6973-98D8-4BA9-B774-1D1ECB504867}.Debug|Any CPU.ActiveCfg = Debug|Any CPU
		{48DD6973-98D8-4BA9-B774-1D1ECB504867}.Debug|Any CPU.Build.0 = Debug|Any CPU
		{48DD6973-98D8-4BA9-B774-1D1ECB504867}.Release|Any CPU.ActiveCfg = Release|Any CPU
		{48DD6973-98D8-4BA9-B774-1D1ECB504867}.Release|Any CPU.Build.0 = Release|Any CPU
		{8D5C7555-DF8A-4B64-9D5A-072CA68DDEBA}.Debug|Any CPU.ActiveCfg = Debug|Any CPU
		{8D5C7555-DF8A-4B64-9D5A-072CA68DDEBA}.Debug|Any CPU.Build.0 = Debug|Any CPU
		{8D5C7555-DF8A-4B64-9D5A-072CA68DDEBA}.Release|Any CPU.ActiveCfg = Release|Any CPU
		{8D5C7555-DF8A-4B64-9D5A-072CA68DDEBA}.Release|Any CPU.Build.0 = Release|Any CPU
		{479BAE32-AF39-4FD6-A6BE-EF3B4EF2572B}.Debug|Any CPU.ActiveCfg = Debug|Any CPU
		{479BAE32-AF39-4FD6-A6BE-EF3B4EF2572B}.Debug|Any CPU.Build.0 = Debug|Any CPU
		{479BAE32-AF39-4FD6-A6BE-EF3B4EF2572B}.Release|Any CPU.ActiveCfg = Release|Any CPU
		{479BAE32-AF39-4FD6-A6BE-EF3B4EF2572B}.Release|Any CPU.Build.0 = Release|Any CPU
		{489005FA-6EAF-486A-8ACD-3DACCF91DC2B}.Debug|Any CPU.ActiveCfg = Debug|Any CPU
		{489005FA-6EAF-486A-8ACD-3DACCF91DC2B}.Debug|Any CPU.Build.0 = Debug|Any CPU
		{489005FA-6EAF-486A-8ACD-3DACCF91DC2B}.Release|Any CPU.ActiveCfg = Release|Any CPU
		{489005FA-6EAF-486A-8ACD-3DACCF91DC2B}.Release|Any CPU.Build.0 = Release|Any CPU
		{EC4548BB-3859-4776-AC3E-8980B8698AFB}.Debug|Any CPU.ActiveCfg = Debug|Any CPU
		{EC4548BB-3859-4776-AC3E-8980B8698AFB}.Debug|Any CPU.Build.0 = Debug|Any CPU
		{EC4548BB-3859-4776-AC3E-8980B8698AFB}.Release|Any CPU.ActiveCfg = Release|Any CPU
		{EC4548BB-3859-4776-AC3E-8980B8698AFB}.Release|Any CPU.Build.0 = Release|Any CPU
		{9243BBAD-D9B8-4DCD-A67E-4689FF019E65}.Debug|Any CPU.ActiveCfg = Debug|Any CPU
		{9243BBAD-D9B8-4DCD-A67E-4689FF019E65}.Debug|Any CPU.Build.0 = Debug|Any CPU
		{9243BBAD-D9B8-4DCD-A67E-4689FF019E65}.Release|Any CPU.ActiveCfg = Release|Any CPU
		{9243BBAD-D9B8-4DCD-A67E-4689FF019E65}.Release|Any CPU.Build.0 = Release|Any CPU
		{4965B3D6-1158-4168-8BF9-70601F005E92}.Debug|Any CPU.ActiveCfg = Debug|Any CPU
		{4965B3D6-1158-4168-8BF9-70601F005E92}.Debug|Any CPU.Build.0 = Debug|Any CPU
		{4965B3D6-1158-4168-8BF9-70601F005E92}.Release|Any CPU.ActiveCfg = Release|Any CPU
		{4965B3D6-1158-4168-8BF9-70601F005E92}.Release|Any CPU.Build.0 = Release|Any CPU
		{4D1053DF-2099-4E88-9BBA-585F64448D81}.Debug|Any CPU.ActiveCfg = Debug|Any CPU
		{4D1053DF-2099-4E88-9BBA-585F64448D81}.Debug|Any CPU.Build.0 = Debug|Any CPU
		{4D1053DF-2099-4E88-9BBA-585F64448D81}.Release|Any CPU.ActiveCfg = Release|Any CPU
		{4D1053DF-2099-4E88-9BBA-585F64448D81}.Release|Any CPU.Build.0 = Release|Any CPU
		{8B4C2228-8B3C-4859-83EB-26C01275EE1A}.Debug|Any CPU.ActiveCfg = Debug|Any CPU
		{8B4C2228-8B3C-4859-83EB-26C01275EE1A}.Debug|Any CPU.Build.0 = Debug|Any CPU
		{8B4C2228-8B3C-4859-83EB-26C01275EE1A}.Release|Any CPU.ActiveCfg = Release|Any CPU
		{8B4C2228-8B3C-4859-83EB-26C01275EE1A}.Release|Any CPU.Build.0 = Release|Any CPU
		{5AA1D39F-36AC-4E03-9D82-2BDC725F272A}.Debug|Any CPU.ActiveCfg = Debug|Any CPU
		{5AA1D39F-36AC-4E03-9D82-2BDC725F272A}.Debug|Any CPU.Build.0 = Debug|Any CPU
		{5AA1D39F-36AC-4E03-9D82-2BDC725F272A}.Release|Any CPU.ActiveCfg = Release|Any CPU
		{5AA1D39F-36AC-4E03-9D82-2BDC725F272A}.Release|Any CPU.Build.0 = Release|Any CPU
		{2CA75B64-B411-4013-A402-8B5D05122BA1}.Debug|Any CPU.ActiveCfg = Debug|Any CPU
		{2CA75B64-B411-4013-A402-8B5D05122BA1}.Debug|Any CPU.Build.0 = Debug|Any CPU
		{2CA75B64-B411-4013-A402-8B5D05122BA1}.Release|Any CPU.ActiveCfg = Release|Any CPU
		{2CA75B64-B411-4013-A402-8B5D05122BA1}.Release|Any CPU.Build.0 = Release|Any CPU
		{B365EFFD-7053-4F52-9F40-90BC722F9082}.Debug|Any CPU.ActiveCfg = Debug|Any CPU
		{B365EFFD-7053-4F52-9F40-90BC722F9082}.Debug|Any CPU.Build.0 = Debug|Any CPU
		{B365EFFD-7053-4F52-9F40-90BC722F9082}.Release|Any CPU.ActiveCfg = Release|Any CPU
		{B365EFFD-7053-4F52-9F40-90BC722F9082}.Release|Any CPU.Build.0 = Release|Any CPU
		{06F5CFE1-68B5-44A0-B479-1117E2149722}.Debug|Any CPU.ActiveCfg = Debug|Any CPU
		{06F5CFE1-68B5-44A0-B479-1117E2149722}.Debug|Any CPU.Build.0 = Debug|Any CPU
		{06F5CFE1-68B5-44A0-B479-1117E2149722}.Release|Any CPU.ActiveCfg = Release|Any CPU
		{06F5CFE1-68B5-44A0-B479-1117E2149722}.Release|Any CPU.Build.0 = Release|Any CPU
		{51490CE8-04A1-4974-B53A-63C9E51D8B79}.Debug|Any CPU.ActiveCfg = Debug|Any CPU
		{51490CE8-04A1-4974-B53A-63C9E51D8B79}.Debug|Any CPU.Build.0 = Debug|Any CPU
		{51490CE8-04A1-4974-B53A-63C9E51D8B79}.Release|Any CPU.ActiveCfg = Release|Any CPU
		{51490CE8-04A1-4974-B53A-63C9E51D8B79}.Release|Any CPU.Build.0 = Release|Any CPU
		{9B62D88E-802A-4CBD-BB8B-F21A3CCF9D60}.Debug|Any CPU.ActiveCfg = Debug|Any CPU
		{9B62D88E-802A-4CBD-BB8B-F21A3CCF9D60}.Debug|Any CPU.Build.0 = Debug|Any CPU
		{9B62D88E-802A-4CBD-BB8B-F21A3CCF9D60}.Release|Any CPU.ActiveCfg = Release|Any CPU
		{9B62D88E-802A-4CBD-BB8B-F21A3CCF9D60}.Release|Any CPU.Build.0 = Release|Any CPU
		{8B643CA9-284D-450F-9810-820584976B46}.Debug|Any CPU.ActiveCfg = Debug|Any CPU
		{8B643CA9-284D-450F-9810-820584976B46}.Debug|Any CPU.Build.0 = Debug|Any CPU
		{8B643CA9-284D-450F-9810-820584976B46}.Release|Any CPU.ActiveCfg = Release|Any CPU
		{8B643CA9-284D-450F-9810-820584976B46}.Release|Any CPU.Build.0 = Release|Any CPU
		{81948C78-047C-492B-8F4F-AF3455D05431}.Debug|Any CPU.ActiveCfg = Debug|Any CPU
		{81948C78-047C-492B-8F4F-AF3455D05431}.Debug|Any CPU.Build.0 = Debug|Any CPU
		{81948C78-047C-492B-8F4F-AF3455D05431}.Release|Any CPU.ActiveCfg = Release|Any CPU
		{81948C78-047C-492B-8F4F-AF3455D05431}.Release|Any CPU.Build.0 = Release|Any CPU
		{733CAF7A-A24A-486A-A919-21561AED6F8B}.Debug|Any CPU.ActiveCfg = Debug|Any CPU
		{733CAF7A-A24A-486A-A919-21561AED6F8B}.Debug|Any CPU.Build.0 = Debug|Any CPU
		{733CAF7A-A24A-486A-A919-21561AED6F8B}.Release|Any CPU.ActiveCfg = Release|Any CPU
		{733CAF7A-A24A-486A-A919-21561AED6F8B}.Release|Any CPU.Build.0 = Release|Any CPU
		{F92ECAB3-B5E3-4829-8C0A-5AE292AA000C}.Debug|Any CPU.ActiveCfg = Debug|Any CPU
		{F92ECAB3-B5E3-4829-8C0A-5AE292AA000C}.Debug|Any CPU.Build.0 = Debug|Any CPU
		{F92ECAB3-B5E3-4829-8C0A-5AE292AA000C}.Release|Any CPU.ActiveCfg = Release|Any CPU
		{F92ECAB3-B5E3-4829-8C0A-5AE292AA000C}.Release|Any CPU.Build.0 = Release|Any CPU
	EndGlobalSection
	GlobalSection(SolutionProperties) = preSolution
		HideSolutionNode = FALSE
	EndGlobalSection
	GlobalSection(NestedProjects) = preSolution
		{978D7E5A-7F69-4CCC-814D-DAF539DA76A5} = {2F465E0F-3055-441C-BCAB-EBB16B676A74}
		{AD9F0E34-AD69-4038-B71F-D823CD50EDFC} = {978D7E5A-7F69-4CCC-814D-DAF539DA76A5}
		{3EC2962C-5335-424A-ADDC-83759217E584} = {2F465E0F-3055-441C-BCAB-EBB16B676A74}
		{92C30E69-E900-47CA-BEB5-48389D0F527D} = {3EC2962C-5335-424A-ADDC-83759217E584}
		{CDF59CC7-3181-4DB1-BAAC-315FCCF5742E} = {3EC2962C-5335-424A-ADDC-83759217E584}
		{6F0D2F20-CA65-4004-988B-1F4448B957DE} = {2F465E0F-3055-441C-BCAB-EBB16B676A74}
		{FC75662C-362C-4290-9E9F-435440FF173F} = {6F0D2F20-CA65-4004-988B-1F4448B957DE}
		{216D47D5-72EA-4FE3-86B9-5E219B158515} = {6F0D2F20-CA65-4004-988B-1F4448B957DE}
		{DB52238A-30A6-4809-9462-1E52B97DED44} = {0F95B080-B3AC-45DD-86EE-144BE7565350}
		{99C713D7-7C43-497A-B0FA-B56FAA1388F4} = {DB52238A-30A6-4809-9462-1E52B97DED44}
		{0EDDE1DD-FF5E-4AF7-A932-A80DC2CEE854} = {0F95B080-B3AC-45DD-86EE-144BE7565350}
		{4E5BD78B-9C26-48BB-A025-D2557FC4BB3E} = {0EDDE1DD-FF5E-4AF7-A932-A80DC2CEE854}
		{B1243114-29AA-40CC-9204-6A6294F76FEF} = {0EDDE1DD-FF5E-4AF7-A932-A80DC2CEE854}
		{AF9553AB-5BCD-49AB-8431-AF7941312BEF} = {0F95B080-B3AC-45DD-86EE-144BE7565350}
		{619E0EDC-B2B4-49B9-AE81-C3932239BA1B} = {AF9553AB-5BCD-49AB-8431-AF7941312BEF}
		{B8FF92FC-0E35-4CE4-86CB-29F2D5A22DB1} = {AF9553AB-5BCD-49AB-8431-AF7941312BEF}
		{64ACD7E6-1C3E-4AB9-8EE8-3D0AE1582E41} = {51EB8E57-D975-4C78-AC08-02BE4E74CF8A}
		{3AA3B022-8650-4946-8484-B3B20B422F5E} = {64ACD7E6-1C3E-4AB9-8EE8-3D0AE1582E41}
		{001C4892-5E19-4804-9A0D-855B7612D987} = {51EB8E57-D975-4C78-AC08-02BE4E74CF8A}
		{F2D7C081-A570-4CDE-9084-8D4607C49EE7} = {001C4892-5E19-4804-9A0D-855B7612D987}
		{F1F637DD-B66F-4AB2-9600-91D69BF6322E} = {51EB8E57-D975-4C78-AC08-02BE4E74CF8A}
		{0DE462B7-27D7-4670-9D79-D9F7F54254C7} = {F1F637DD-B66F-4AB2-9600-91D69BF6322E}
		{075C7037-642F-4022-9363-92D9DDEF8F9F} = {F1F637DD-B66F-4AB2-9600-91D69BF6322E}
		{415ABFC8-41C9-47C9-A38D-893DAC4D83B4} = {001C4892-5E19-4804-9A0D-855B7612D987}
		{BD9BB3AE-B17D-43A8-A9E5-EDB6394BB1E1} = {AA7C6FAF-BE47-4573-8FBD-501625F8EA24}
		{0A8D91D4-9FE4-4897-A883-EC926D13E642} = {BD9BB3AE-B17D-43A8-A9E5-EDB6394BB1E1}
		{1B4B19B0-C1C6-4115-857A-1919FAEF0039} = {AA7C6FAF-BE47-4573-8FBD-501625F8EA24}
		{48DD6973-98D8-4BA9-B774-1D1ECB504867} = {1B4B19B0-C1C6-4115-857A-1919FAEF0039}
		{8D5C7555-DF8A-4B64-9D5A-072CA68DDEBA} = {1B4B19B0-C1C6-4115-857A-1919FAEF0039}
		{28593452-B948-4325-9C42-D6D90BCCD8C8} = {AA7C6FAF-BE47-4573-8FBD-501625F8EA24}
		{479BAE32-AF39-4FD6-A6BE-EF3B4EF2572B} = {28593452-B948-4325-9C42-D6D90BCCD8C8}
		{489005FA-6EAF-486A-8ACD-3DACCF91DC2B} = {28593452-B948-4325-9C42-D6D90BCCD8C8}
		{AC467D1F-7C07-4713-A692-2DF0EEE4EBD3} = {386FA062-9C0A-461F-84C1-3E05A1D19F92}
		{EC4548BB-3859-4776-AC3E-8980B8698AFB} = {AC467D1F-7C07-4713-A692-2DF0EEE4EBD3}
		{1DE90B1A-D938-4FC6-81D1-F80BC9D3347D} = {386FA062-9C0A-461F-84C1-3E05A1D19F92}
		{9243BBAD-D9B8-4DCD-A67E-4689FF019E65} = {1DE90B1A-D938-4FC6-81D1-F80BC9D3347D}
		{4965B3D6-1158-4168-8BF9-70601F005E92} = {1DE90B1A-D938-4FC6-81D1-F80BC9D3347D}
		{E1510A7A-0380-49D2-9274-1B766386E61D} = {386FA062-9C0A-461F-84C1-3E05A1D19F92}
		{4D1053DF-2099-4E88-9BBA-585F64448D81} = {E1510A7A-0380-49D2-9274-1B766386E61D}
		{8B4C2228-8B3C-4859-83EB-26C01275EE1A} = {E1510A7A-0380-49D2-9274-1B766386E61D}
		{7EAA367B-B387-4D5C-8E7D-BBE1FFFD47B2} = {B1CE43F0-1FD5-481C-B16F-A88FB2F16E51}
		{5AA1D39F-36AC-4E03-9D82-2BDC725F272A} = {7EAA367B-B387-4D5C-8E7D-BBE1FFFD47B2}
		{025F05FA-3258-4CC3-8FD6-9823CAD967FE} = {B1CE43F0-1FD5-481C-B16F-A88FB2F16E51}
		{2CA75B64-B411-4013-A402-8B5D05122BA1} = {025F05FA-3258-4CC3-8FD6-9823CAD967FE}
		{7B37023A-9218-4843-AB52-E5B7834C8DD0} = {B1CE43F0-1FD5-481C-B16F-A88FB2F16E51}
		{B365EFFD-7053-4F52-9F40-90BC722F9082} = {7B37023A-9218-4843-AB52-E5B7834C8DD0}
		{06F5CFE1-68B5-44A0-B479-1117E2149722} = {025F05FA-3258-4CC3-8FD6-9823CAD967FE}
		{51490CE8-04A1-4974-B53A-63C9E51D8B79} = {7B37023A-9218-4843-AB52-E5B7834C8DD0}
		{9B62D88E-802A-4CBD-BB8B-F21A3CCF9D60} = {6F0D2F20-CA65-4004-988B-1F4448B957DE}
		{72A2A1EF-E220-4FE7-8B94-0F35EB515011} = {2F465E0F-3055-441C-BCAB-EBB16B676A74}
		{8B643CA9-284D-450F-9810-820584976B46} = {72A2A1EF-E220-4FE7-8B94-0F35EB515011}
		{E3E28CBB-D68F-470A-9892-6F9688AF23DF} = {51EB8E57-D975-4C78-AC08-02BE4E74CF8A}
		{81948C78-047C-492B-8F4F-AF3455D05431} = {E3E28CBB-D68F-470A-9892-6F9688AF23DF}
		{0687FEE5-D255-4A5E-AFF9-C01DF8073968} = {AA7C6FAF-BE47-4573-8FBD-501625F8EA24}
		{733CAF7A-A24A-486A-A919-21561AED6F8B} = {0687FEE5-D255-4A5E-AFF9-C01DF8073968}
		{F92ECAB3-B5E3-4829-8C0A-5AE292AA000C} = {6F0D2F20-CA65-4004-988B-1F4448B957DE}
	EndGlobalSection
	GlobalSection(ExtensibilityGlobals) = postSolution
		SolutionGuid = {E5EFC193-1AF8-44E6-8937-00A6F709052A}
	EndGlobalSection
EndGlobal
