
Microsoft Visual Studio Solution File, Format Version 12.00
# Visual Studio Version 16
VisualStudioVersion = 16.0.30204.135
MinimumVisualStudioVersion = 10.0.40219.1
Project("{2150E333-8FDC-42A3-9474-1A3956D46DE8}") = "ShopManagement", "ShopManagement", "{2F465E0F-3055-441C-BCAB-EBB16B676A74}"
EndProject
Project("{2150E333-8FDC-42A3-9474-1A3956D46DE8}") = "SM.Domain", "SM.Domain", "{978D7E5A-7F69-4CCC-814D-DAF539DA76A5}"
EndProject
Project("{9A19103F-16F7-4668-BE54-9A1E7A4F7556}") = "ShopManagement.Domain", "ShopManagement.Domain\ShopManagement.Domain.csproj", "{AD9F0E34-AD69-4038-B71F-D823CD50EDFC}"
EndProject
Project("{9A19103F-16F7-4668-BE54-9A1E7A4F7556}") = "0_Framework", "0_Framework\0_Framework.csproj", "{AB72DEF3-B594-472E-BEDF-F5357957A44A}"
EndProject
Project("{2150E333-8FDC-42A3-9474-1A3956D46DE8}") = "SM.Application", "SM.Application", "{3EC2962C-5335-424A-ADDC-83759217E584}"
EndProject
Project("{9A19103F-16F7-4668-BE54-9A1E7A4F7556}") = "ShopManagement.Application.Contracts", "ShopManagement.Application.Contracts\ShopManagement.Application.Contracts.csproj", "{92C30E69-E900-47CA-BEB5-48389D0F527D}"
EndProject
Project("{9A19103F-16F7-4668-BE54-9A1E7A4F7556}") = "ShopManagement.Application", "ShopManagement.Application\ShopManagement.Application.csproj", "{CDF59CC7-3181-4DB1-BAAC-315FCCF5742E}"
EndProject
Project("{2150E333-8FDC-42A3-9474-1A3956D46DE8}") = "SM.Infrastructure", "SM.Infrastructure", "{6F0D2F20-CA65-4004-988B-1F4448B957DE}"
EndProject
Project("{9A19103F-16F7-4668-BE54-9A1E7A4F7556}") = "ShopManagement.Infrastructure.EFCore", "ShopManagement.Infrastructure.EFCore\ShopManagement.Infrastructure.EFCore.csproj", "{FC75662C-362C-4290-9E9F-435440FF173F}"
EndProject
Project("{9A19103F-16F7-4668-BE54-9A1E7A4F7556}") = "ShopManagement.Configuration", "ShopManagement.Configuration\ShopManagement.Configuration.csproj", "{216D47D5-72EA-4FE3-86B9-5E219B158515}"
EndProject
Project("{9A19103F-16F7-4668-BE54-9A1E7A4F7556}") = "ServiceHost", "ServiceHost\ServiceHost.csproj", "{BFF3C6FB-83DE-4F75-B8B4-10BBEE5A9399}"
EndProject
Project("{9A19103F-16F7-4668-BE54-9A1E7A4F7556}") = "01_LampshadeQuery", "01_LampshadeQuery\01_LampshadeQuery.csproj", "{2267CF82-F359-480D-A63B-79933FB5C56C}"
EndProject
Project("{2150E333-8FDC-42A3-9474-1A3956D46DE8}") = "DiscountManagement", "DiscountManagement", "{0F95B080-B3AC-45DD-86EE-144BE7565350}"
EndProject
Project("{2150E333-8FDC-42A3-9474-1A3956D46DE8}") = "DM.Domain", "DM.Domain", "{DB52238A-30A6-4809-9462-1E52B97DED44}"
EndProject
Project("{9A19103F-16F7-4668-BE54-9A1E7A4F7556}") = "DiscountManagement.Domain", "DiscountManagement.Domain\DiscountManagement.Domain.csproj", "{99C713D7-7C43-497A-B0FA-B56FAA1388F4}"
EndProject
Project("{2150E333-8FDC-42A3-9474-1A3956D46DE8}") = "DM.Application", "DM.Application", "{0EDDE1DD-FF5E-4AF7-A932-A80DC2CEE854}"
EndProject
Project("{9A19103F-16F7-4668-BE54-9A1E7A4F7556}") = "DiscountManagement.Application.Contract", "DiscountManagement.Application.Contract\DiscountManagement.Application.Contract.csproj", "{4E5BD78B-9C26-48BB-A025-D2557FC4BB3E}"
EndProject
Project("{9A19103F-16F7-4668-BE54-9A1E7A4F7556}") = "DiscountManagement.Application", "DiscountManagement.Application\DiscountManagement.Application.csproj", "{B1243114-29AA-40CC-9204-6A6294F76FEF}"
EndProject
Project("{2150E333-8FDC-42A3-9474-1A3956D46DE8}") = "DM.Infrastructure", "DM.Infrastructure", "{AF9553AB-5BCD-49AB-8431-AF7941312BEF}"
EndProject
Project("{9A19103F-16F7-4668-BE54-9A1E7A4F7556}") = "DiscountManagement.Infrastructure.EFCore", "DiscountManagement.Infrastructure.EFCore\DiscountManagement.Infrastructure.EFCore.csproj", "{619E0EDC-B2B4-49B9-AE81-C3932239BA1B}"
EndProject
Project("{9A19103F-16F7-4668-BE54-9A1E7A4F7556}") = "DiscountManagement.Configuration", "DiscountManagement.Configuration\DiscountManagement.Configuration.csproj", "{B8FF92FC-0E35-4CE4-86CB-29F2D5A22DB1}"
EndProject
Project("{2150E333-8FDC-42A3-9474-1A3956D46DE8}") = "InventoryManagement", "InventoryManagement", "{51EB8E57-D975-4C78-AC08-02BE4E74CF8A}"
EndProject
Project("{2150E333-8FDC-42A3-9474-1A3956D46DE8}") = "IM.Domain", "IM.Domain", "{64ACD7E6-1C3E-4AB9-8EE8-3D0AE1582E41}"
EndProject
Project("{9A19103F-16F7-4668-BE54-9A1E7A4F7556}") = "InventoryManagement.Domain", "InventoryManagement.Domain\InventoryManagement.Domain.csproj", "{3AA3B022-8650-4946-8484-B3B20B422F5E}"
EndProject
Project("{2150E333-8FDC-42A3-9474-1A3956D46DE8}") = "IM.Application", "IM.Application", "{001C4892-5E19-4804-9A0D-855B7612D987}"
EndProject
Project("{9A19103F-16F7-4668-BE54-9A1E7A4F7556}") = "InventoryManagement.Application.Contract", "InventoryManagement.Application.Contract\InventoryManagement.Application.Contract.csproj", "{F2D7C081-A570-4CDE-9084-8D4607C49EE7}"
EndProject
Project("{2150E333-8FDC-42A3-9474-1A3956D46DE8}") = "IM.Infrastructure", "IM.Infrastructure", "{F1F637DD-B66F-4AB2-9600-91D69BF6322E}"
EndProject
Project("{9A19103F-16F7-4668-BE54-9A1E7A4F7556}") = "InventoryMangement.Infrastructure.EFCore", "InventoryMangement.Infrastructure.EFCore\InventoryMangement.Infrastructure.EFCore.csproj", "{0DE462B7-27D7-4670-9D79-D9F7F54254C7}"
EndProject
Project("{9A19103F-16F7-4668-BE54-9A1E7A4F7556}") = "InventoryManagement.Infrastructure.Configuration", "InventoryManagement.Infrastructure.Configuration\InventoryManagement.Infrastructure.Configuration.csproj", "{075C7037-642F-4022-9363-92D9DDEF8F9F}"
EndProject
Project("{9A19103F-16F7-4668-BE54-9A1E7A4F7556}") = "InventoryManagement.Application", "InventoryManagement.Application\InventoryManagement.Application.csproj", "{415ABFC8-41C9-47C9-A38D-893DAC4D83B4}"
EndProject
Global
	GlobalSection(SolutionConfigurationPlatforms) = preSolution
		Debug|Any CPU = Debug|Any CPU
		Release|Any CPU = Release|Any CPU
	EndGlobalSection
	GlobalSection(ProjectConfigurationPlatforms) = postSolution
		{AD9F0E34-AD69-4038-B71F-D823CD50EDFC}.Debug|Any CPU.ActiveCfg = Debug|Any CPU
		{AD9F0E34-AD69-4038-B71F-D823CD50EDFC}.Debug|Any CPU.Build.0 = Debug|Any CPU
		{AD9F0E34-AD69-4038-B71F-D823CD50EDFC}.Release|Any CPU.ActiveCfg = Release|Any CPU
		{AD9F0E34-AD69-4038-B71F-D823CD50EDFC}.Release|Any CPU.Build.0 = Release|Any CPU
		{AB72DEF3-B594-472E-BEDF-F5357957A44A}.Debug|Any CPU.ActiveCfg = Debug|Any CPU
		{AB72DEF3-B594-472E-BEDF-F5357957A44A}.Debug|Any CPU.Build.0 = Debug|Any CPU
		{AB72DEF3-B594-472E-BEDF-F5357957A44A}.Release|Any CPU.ActiveCfg = Release|Any CPU
		{AB72DEF3-B594-472E-BEDF-F5357957A44A}.Release|Any CPU.Build.0 = Release|Any CPU
		{92C30E69-E900-47CA-BEB5-48389D0F527D}.Debug|Any CPU.ActiveCfg = Debug|Any CPU
		{92C30E69-E900-47CA-BEB5-48389D0F527D}.Debug|Any CPU.Build.0 = Debug|Any CPU
		{92C30E69-E900-47CA-BEB5-48389D0F527D}.Release|Any CPU.ActiveCfg = Release|Any CPU
		{92C30E69-E900-47CA-BEB5-48389D0F527D}.Release|Any CPU.Build.0 = Release|Any CPU
		{CDF59CC7-3181-4DB1-BAAC-315FCCF5742E}.Debug|Any CPU.ActiveCfg = Debug|Any CPU
		{CDF59CC7-3181-4DB1-BAAC-315FCCF5742E}.Debug|Any CPU.Build.0 = Debug|Any CPU
		{CDF59CC7-3181-4DB1-BAAC-315FCCF5742E}.Release|Any CPU.ActiveCfg = Release|Any CPU
		{CDF59CC7-3181-4DB1-BAAC-315FCCF5742E}.Release|Any CPU.Build.0 = Release|Any CPU
		{FC75662C-362C-4290-9E9F-435440FF173F}.Debug|Any CPU.ActiveCfg = Debug|Any CPU
		{FC75662C-362C-4290-9E9F-435440FF173F}.Debug|Any CPU.Build.0 = Debug|Any CPU
		{FC75662C-362C-4290-9E9F-435440FF173F}.Release|Any CPU.ActiveCfg = Release|Any CPU
		{FC75662C-362C-4290-9E9F-435440FF173F}.Release|Any CPU.Build.0 = Release|Any CPU
		{216D47D5-72EA-4FE3-86B9-5E219B158515}.Debug|Any CPU.ActiveCfg = Debug|Any CPU
		{216D47D5-72EA-4FE3-86B9-5E219B158515}.Debug|Any CPU.Build.0 = Debug|Any CPU
		{216D47D5-72EA-4FE3-86B9-5E219B158515}.Release|Any CPU.ActiveCfg = Release|Any CPU
		{216D47D5-72EA-4FE3-86B9-5E219B158515}.Release|Any CPU.Build.0 = Release|Any CPU
		{BFF3C6FB-83DE-4F75-B8B4-10BBEE5A9399}.Debug|Any CPU.ActiveCfg = Debug|Any CPU
		{BFF3C6FB-83DE-4F75-B8B4-10BBEE5A9399}.Debug|Any CPU.Build.0 = Debug|Any CPU
		{BFF3C6FB-83DE-4F75-B8B4-10BBEE5A9399}.Release|Any CPU.ActiveCfg = Release|Any CPU
		{BFF3C6FB-83DE-4F75-B8B4-10BBEE5A9399}.Release|Any CPU.Build.0 = Release|Any CPU
		{2267CF82-F359-480D-A63B-79933FB5C56C}.Debug|Any CPU.ActiveCfg = Debug|Any CPU
		{2267CF82-F359-480D-A63B-79933FB5C56C}.Debug|Any CPU.Build.0 = Debug|Any CPU
		{2267CF82-F359-480D-A63B-79933FB5C56C}.Release|Any CPU.ActiveCfg = Release|Any CPU
		{2267CF82-F359-480D-A63B-79933FB5C56C}.Release|Any CPU.Build.0 = Release|Any CPU
		{99C713D7-7C43-497A-B0FA-B56FAA1388F4}.Debug|Any CPU.ActiveCfg = Debug|Any CPU
		{99C713D7-7C43-497A-B0FA-B56FAA1388F4}.Debug|Any CPU.Build.0 = Debug|Any CPU
		{99C713D7-7C43-497A-B0FA-B56FAA1388F4}.Release|Any CPU.ActiveCfg = Release|Any CPU
		{99C713D7-7C43-497A-B0FA-B56FAA1388F4}.Release|Any CPU.Build.0 = Release|Any CPU
		{4E5BD78B-9C26-48BB-A025-D2557FC4BB3E}.Debug|Any CPU.ActiveCfg = Debug|Any CPU
		{4E5BD78B-9C26-48BB-A025-D2557FC4BB3E}.Debug|Any CPU.Build.0 = Debug|Any CPU
		{4E5BD78B-9C26-48BB-A025-D2557FC4BB3E}.Release|Any CPU.ActiveCfg = Release|Any CPU
		{4E5BD78B-9C26-48BB-A025-D2557FC4BB3E}.Release|Any CPU.Build.0 = Release|Any CPU
		{B1243114-29AA-40CC-9204-6A6294F76FEF}.Debug|Any CPU.ActiveCfg = Debug|Any CPU
		{B1243114-29AA-40CC-9204-6A6294F76FEF}.Debug|Any CPU.Build.0 = Debug|Any CPU
		{B1243114-29AA-40CC-9204-6A6294F76FEF}.Release|Any CPU.ActiveCfg = Release|Any CPU
		{B1243114-29AA-40CC-9204-6A6294F76FEF}.Release|Any CPU.Build.0 = Release|Any CPU
		{619E0EDC-B2B4-49B9-AE81-C3932239BA1B}.Debug|Any CPU.ActiveCfg = Debug|Any CPU
		{619E0EDC-B2B4-49B9-AE81-C3932239BA1B}.Debug|Any CPU.Build.0 = Debug|Any CPU
		{619E0EDC-B2B4-49B9-AE81-C3932239BA1B}.Release|Any CPU.ActiveCfg = Release|Any CPU
		{619E0EDC-B2B4-49B9-AE81-C3932239BA1B}.Release|Any CPU.Build.0 = Release|Any CPU
		{B8FF92FC-0E35-4CE4-86CB-29F2D5A22DB1}.Debug|Any CPU.ActiveCfg = Debug|Any CPU
		{B8FF92FC-0E35-4CE4-86CB-29F2D5A22DB1}.Debug|Any CPU.Build.0 = Debug|Any CPU
		{B8FF92FC-0E35-4CE4-86CB-29F2D5A22DB1}.Release|Any CPU.ActiveCfg = Release|Any CPU
		{B8FF92FC-0E35-4CE4-86CB-29F2D5A22DB1}.Release|Any CPU.Build.0 = Release|Any CPU
		{3AA3B022-8650-4946-8484-B3B20B422F5E}.Debug|Any CPU.ActiveCfg = Debug|Any CPU
		{3AA3B022-8650-4946-8484-B3B20B422F5E}.Debug|Any CPU.Build.0 = Debug|Any CPU
		{3AA3B022-8650-4946-8484-B3B20B422F5E}.Release|Any CPU.ActiveCfg = Release|Any CPU
		{3AA3B022-8650-4946-8484-B3B20B422F5E}.Release|Any CPU.Build.0 = Release|Any CPU
		{F2D7C081-A570-4CDE-9084-8D4607C49EE7}.Debug|Any CPU.ActiveCfg = Debug|Any CPU
		{F2D7C081-A570-4CDE-9084-8D4607C49EE7}.Debug|Any CPU.Build.0 = Debug|Any CPU
		{F2D7C081-A570-4CDE-9084-8D4607C49EE7}.Release|Any CPU.ActiveCfg = Release|Any CPU
		{F2D7C081-A570-4CDE-9084-8D4607C49EE7}.Release|Any CPU.Build.0 = Release|Any CPU
		{0DE462B7-27D7-4670-9D79-D9F7F54254C7}.Debug|Any CPU.ActiveCfg = Debug|Any CPU
		{0DE462B7-27D7-4670-9D79-D9F7F54254C7}.Debug|Any CPU.Build.0 = Debug|Any CPU
		{0DE462B7-27D7-4670-9D79-D9F7F54254C7}.Release|Any CPU.ActiveCfg = Release|Any CPU
		{0DE462B7-27D7-4670-9D79-D9F7F54254C7}.Release|Any CPU.Build.0 = Release|Any CPU
		{075C7037-642F-4022-9363-92D9DDEF8F9F}.Debug|Any CPU.ActiveCfg = Debug|Any CPU
		{075C7037-642F-4022-9363-92D9DDEF8F9F}.Debug|Any CPU.Build.0 = Debug|Any CPU
		{075C7037-642F-4022-9363-92D9DDEF8F9F}.Release|Any CPU.ActiveCfg = Release|Any CPU
		{075C7037-642F-4022-9363-92D9DDEF8F9F}.Release|Any CPU.Build.0 = Release|Any CPU
		{415ABFC8-41C9-47C9-A38D-893DAC4D83B4}.Debug|Any CPU.ActiveCfg = Debug|Any CPU
		{415ABFC8-41C9-47C9-A38D-893DAC4D83B4}.Debug|Any CPU.Build.0 = Debug|Any CPU
		{415ABFC8-41C9-47C9-A38D-893DAC4D83B4}.Release|Any CPU.ActiveCfg = Release|Any CPU
		{415ABFC8-41C9-47C9-A38D-893DAC4D83B4}.Release|Any CPU.Build.0 = Release|Any CPU
	EndGlobalSection
	GlobalSection(SolutionProperties) = preSolution
		HideSolutionNode = FALSE
	EndGlobalSection
	GlobalSection(NestedProjects) = preSolution
		{978D7E5A-7F69-4CCC-814D-DAF539DA76A5} = {2F465E0F-3055-441C-BCAB-EBB16B676A74}
		{AD9F0E34-AD69-4038-B71F-D823CD50EDFC} = {978D7E5A-7F69-4CCC-814D-DAF539DA76A5}
		{3EC2962C-5335-424A-ADDC-83759217E584} = {2F465E0F-3055-441C-BCAB-EBB16B676A74}
		{92C30E69-E900-47CA-BEB5-48389D0F527D} = {3EC2962C-5335-424A-ADDC-83759217E584}
		{CDF59CC7-3181-4DB1-BAAC-315FCCF5742E} = {3EC2962C-5335-424A-ADDC-83759217E584}
		{6F0D2F20-CA65-4004-988B-1F4448B957DE} = {2F465E0F-3055-441C-BCAB-EBB16B676A74}
		{FC75662C-362C-4290-9E9F-435440FF173F} = {6F0D2F20-CA65-4004-988B-1F4448B957DE}
		{216D47D5-72EA-4FE3-86B9-5E219B158515} = {6F0D2F20-CA65-4004-988B-1F4448B957DE}
		{DB52238A-30A6-4809-9462-1E52B97DED44} = {0F95B080-B3AC-45DD-86EE-144BE7565350}
		{99C713D7-7C43-497A-B0FA-B56FAA1388F4} = {DB52238A-30A6-4809-9462-1E52B97DED44}
		{0EDDE1DD-FF5E-4AF7-A932-A80DC2CEE854} = {0F95B080-B3AC-45DD-86EE-144BE7565350}
		{4E5BD78B-9C26-48BB-A025-D2557FC4BB3E} = {0EDDE1DD-FF5E-4AF7-A932-A80DC2CEE854}
		{B1243114-29AA-40CC-9204-6A6294F76FEF} = {0EDDE1DD-FF5E-4AF7-A932-A80DC2CEE854}
		{AF9553AB-5BCD-49AB-8431-AF7941312BEF} = {0F95B080-B3AC-45DD-86EE-144BE7565350}
		{619E0EDC-B2B4-49B9-AE81-C3932239BA1B} = {AF9553AB-5BCD-49AB-8431-AF7941312BEF}
		{B8FF92FC-0E35-4CE4-86CB-29F2D5A22DB1} = {AF9553AB-5BCD-49AB-8431-AF7941312BEF}
		{64ACD7E6-1C3E-4AB9-8EE8-3D0AE1582E41} = {51EB8E57-D975-4C78-AC08-02BE4E74CF8A}
		{3AA3B022-8650-4946-8484-B3B20B422F5E} = {64ACD7E6-1C3E-4AB9-8EE8-3D0AE1582E41}
		{001C4892-5E19-4804-9A0D-855B7612D987} = {51EB8E57-D975-4C78-AC08-02BE4E74CF8A}
		{F2D7C081-A570-4CDE-9084-8D4607C49EE7} = {001C4892-5E19-4804-9A0D-855B7612D987}
		{F1F637DD-B66F-4AB2-9600-91D69BF6322E} = {51EB8E57-D975-4C78-AC08-02BE4E74CF8A}
		{0DE462B7-27D7-4670-9D79-D9F7F54254C7} = {F1F637DD-B66F-4AB2-9600-91D69BF6322E}
		{075C7037-642F-4022-9363-92D9DDEF8F9F} = {F1F637DD-B66F-4AB2-9600-91D69BF6322E}
		{415ABFC8-41C9-47C9-A38D-893DAC4D83B4} = {001C4892-5E19-4804-9A0D-855B7612D987}
	EndGlobalSection
	GlobalSection(ExtensibilityGlobals) = postSolution
		SolutionGuid = {E5EFC193-1AF8-44E6-8937-00A6F709052A}
	EndGlobalSection
EndGlobal
